
Microsoft Visual Studio Solution File, Format Version 12.00
# Visual Studio Version 17
VisualStudioVersion = 17.0.31903.59
MinimumVisualStudioVersion = 10.0.40219.1
Project("{2150E333-8FDC-42A3-9474-1A3956D46DE8}") = "src", "src", "{827E0CD3-B72D-47B6-A68D-7590B98EB39B}"
EndProject
Project("{2150E333-8FDC-42A3-9474-1A3956D46DE8}") = "api", "api", "{81034408-37C8-1011-444E-4C15C2FADA8E}"
EndProject
Project("{2150E333-8FDC-42A3-9474-1A3956D46DE8}") = "framework", "framework", "{112AE649-54EC-F07E-178E-910D924D401A}"
EndProject
Project("{FAE04EC0-301F-11D3-BF4B-00C04F79EFBC}") = "Core", "src\api\framework\Core\Core.csproj", "{D82A6DF2-389B-40A5-B5BA-C33216F32D64}"
EndProject
Project("{FAE04EC0-301F-11D3-BF4B-00C04F79EFBC}") = "Infrastructure", "src\api\framework\Infrastructure\Infrastructure.csproj", "{0D0FB1AA-F744-4D91-9D7C-BAB6BA360DEB}"
EndProject
Project("{FAE04EC0-301F-11D3-BF4B-00C04F79EFBC}") = "Server", "src\api\server\Server.csproj", "{DAEC9E64-30E2-4A55-B222-5276A93196EC}"
EndProject
Project("{2150E333-8FDC-42A3-9474-1A3956D46DE8}") = "migrations", "migrations", "{BD9378EF-E26D-90E5-E258-05ECD01745A2}"
EndProject
Project("{FAE04EC0-301F-11D3-BF4B-00C04F79EFBC}") = "MSSQL", "src\api\migrations\MSSQL\MSSQL.csproj", "{6A862FBE-9408-4CD2-A5D9-D74EE4AD3701}"
EndProject
Project("{FAE04EC0-301F-11D3-BF4B-00C04F79EFBC}") = "PostgreSQL", "src\api\migrations\PostgreSQL\PostgreSQL.csproj", "{57B5A35F-D937-4F63-8CBE-384E0A8BF6E3}"
EndProject
Project("{2150E333-8FDC-42A3-9474-1A3956D46DE8}") = "modules", "modules", "{ABD031A3-8F97-44D1-2F46-14214DE133C3}"
EndProject
Project("{FAE04EC0-301F-11D3-BF4B-00C04F79EFBC}") = "Todo", "src\api\modules\Todo\Todo.csproj", "{15EA2CD7-9DE9-485B-B80C-16BBC1D2AB47}"
EndProject
Project("{FAE04EC0-301F-11D3-BF4B-00C04F79EFBC}") = "Catalog.Application", "src\api\modules\Catalog\Catalog.Application\Catalog.Application.csproj", "{37A108AB-C098-4F0A-9DE6-AA89938C2CEB}"
EndProject
Project("{FAE04EC0-301F-11D3-BF4B-00C04F79EFBC}") = "Catalog.Domain", "src\api\modules\Catalog\Catalog.Domain\Catalog.Domain.csproj", "{F845B545-7B32-40CF-82A1-D95C194316C6}"
EndProject
Project("{FAE04EC0-301F-11D3-BF4B-00C04F79EFBC}") = "Catalog.Infrastructure", "src\api\modules\Catalog\Catalog.Infrastructure\Catalog.Infrastructure.csproj", "{B6C0D2F4-DC51-462C-8E28-D8008DAF9E17}"
EndProject
Project("{2150E333-8FDC-42A3-9474-1A3956D46DE8}") = "apps", "apps", "{AD2A5A3B-A595-3E96-334A-002D08FE630C}"
EndProject
Project("{2150E333-8FDC-42A3-9474-1A3956D46DE8}") = "blazor", "blazor", "{DE49DA5C-1778-DB91-C50F-C22E2572F073}"
EndProject
Project("{2150E333-8FDC-42A3-9474-1A3956D46DE8}") = "client", "client", "{26E37B9E-F670-F8E6-DEE0-7EFF87822C99}"
EndProject
Project("{FAE04EC0-301F-11D3-BF4B-00C04F79EFBC}") = "Client", "src\apps\blazor\client\Client.csproj", "{58FE9CB3-825C-4F34-8300-ADA12C32D8DB}"
EndProject
Project("{FAE04EC0-301F-11D3-BF4B-00C04F79EFBC}") = "Infrastructure", "src\apps\blazor\infrastructure\Infrastructure.csproj", "{358068CF-743E-4C1A-B1C9-365DC39006C8}"
EndProject
Project("{FAE04EC0-301F-11D3-BF4B-00C04F79EFBC}") = "Shared", "src\apps\blazor\shared\Shared.csproj", "{2A346FFC-3889-4EDE-9E41-9AA539462B5C}"
EndProject
Project("{2150E333-8FDC-42A3-9474-1A3956D46DE8}") = "tests", "tests", "{0AB3BF05-4346-4AA6-1389-037BE0695223}"
EndProject
Project("{2150E333-8FDC-42A3-9474-1A3956D46DE8}") = "unit", "unit", "{9D556B49-86D1-93A7-9596-FFAAB74EC556}"
EndProject
Project("{2150E333-8FDC-42A3-9474-1A3956D46DE8}") = "Framework", "Framework", "{8AD1FA30-1370-13BC-2574-69D3DAF8A2B5}"
EndProject
Project("{FAE04EC0-301F-11D3-BF4B-00C04F79EFBC}") = "Core.Tests", "tests\unit\Framework\Core.Tests\Core.Tests.csproj", "{A08E5965-48C7-4508-8274-6F6797B02384}"
EndProject
Project("{FAE04EC0-301F-11D3-BF4B-00C04F79EFBC}") = "Infrastructure.Tests", "tests\unit\Framework\Infrastructure.Tests\Infrastructure.Tests.csproj", "{6C85BC9E-ED5E-4096-9B3E-441DB499299E}"
EndProject
Project("{2150E333-8FDC-42A3-9474-1A3956D46DE8}") = "Modules", "Modules", "{395A7B26-5A83-A3AB-7AC4-9B78A317B6C1}"
EndProject
Project("{2150E333-8FDC-42A3-9474-1A3956D46DE8}") = "Catalog", "Catalog", "{E626A763-9CCA-290C-D32E-AB37D821E747}"
EndProject
Project("{FAE04EC0-301F-11D3-BF4B-00C04F79EFBC}") = "Catalog.Application.Tests", "tests\unit\Modules\Catalog\Catalog.Application.Tests\Catalog.Application.Tests.csproj", "{81B688B2-C9CB-45D3-AE50-0F62E9318DF0}"
EndProject
Project("{FAE04EC0-301F-11D3-BF4B-00C04F79EFBC}") = "Catalog.Domain.Tests", "tests\unit\Modules\Catalog\Catalog.Domain.Tests\Catalog.Domain.Tests.csproj", "{F2B9D5FE-E098-452A-828A-6DE979088A5B}"
EndProject
Project("{FAE04EC0-301F-11D3-BF4B-00C04F79EFBC}") = "Catalog.Infrastructure.Tests", "tests\unit\Modules\Catalog\Catalog.Infrastructure.Tests\Catalog.Infrastructure.Tests.csproj", "{2DC9D0A9-DD36-4942-9473-EB322AA6A901}"
EndProject
Project("{FAE04EC0-301F-11D3-BF4B-00C04F79EFBC}") = "Todo.Tests", "tests\unit\Modules\Todo.Tests\Todo.Tests.csproj", "{7EF96408-CD58-486E-8D03-6138B3E39B7C}"
EndProject
Project("{FAE04EC0-301F-11D3-BF4B-00C04F79EFBC}") = "API.Tests", "tests\integration\API.Tests\API.Tests.csproj", "{74003922-8E6F-4283-9994-D678D45780DC}"
EndProject
Project("{FAE04EC0-301F-11D3-BF4B-00C04F79EFBC}") = "Modules.Tests", "tests\integration\Modules.Tests\Modules.Tests.csproj", "{F8EA23BF-3C99-444E-8ECD-C7DFB024B0FD}"
EndProject
Project("{FAE04EC0-301F-11D3-BF4B-00C04F79EFBC}") = "UI.Tests", "tests\e2e\UI.Tests\UI.Tests.csproj", "{51F49474-6672-4A4B-9EE0-7D4417B3B00E}"
EndProject
Project("{FAE04EC0-301F-11D3-BF4B-00C04F79EFBC}") = "TestCommon", "tests\shared\TestCommon\TestCommon.csproj", "{D4970D82-4F04-429D-868B-1ECFBD2EB501}"
EndProject
Project("{FAE04EC0-301F-11D3-BF4B-00C04F79EFBC}") = "TestFixtures", "tests\shared\TestFixtures\TestFixtures.csproj", "{77D93026-B1B5-41C8-B0F6-C33FDF5932E3}"
EndProject
Project("{FAE04EC0-301F-11D3-BF4B-00C04F79EFBC}") = "Shared", "src\Shared\Shared.csproj", "{99507BA0-BB0B-3FD9-D8E2-2AE9B409CB73}"
EndProject
Project("{FAE04EC0-301F-11D3-BF4B-00C04F79EFBC}") = "ServiceDefaults", "src\aspire\service-defaults\ServiceDefaults.csproj", "{901DC543-E2E5-D31F-BA6E-E5EE583B09D7}"
EndProject
Project("{FAE04EC0-301F-11D3-BF4B-00C04F79EFBC}") = "Todo.Domain", "src\api\modules\Todo\Todo.Domain\Todo.Domain.csproj", "{2B8CBC42-73F5-05D2-82FD-1E92EC768027}"
EndProject
Project("{2150E333-8FDC-42A3-9474-1A3956D46DE8}") = "aspire", "aspire", "{52BF7FB6-37FF-5100-EFD1-124EFF302675}"
EndProject
Project("{FAE04EC0-301F-11D3-BF4B-00C04F79EFBC}") = "Host", "src\aspire\Host\Host.csproj", "{A9905DCB-585D-4332-8A3C-DE8079212787}"
EndProject
Global
	GlobalSection(SolutionConfigurationPlatforms) = preSolution
		Debug|Any CPU = Debug|Any CPU
		Debug|x64 = Debug|x64
		Debug|x86 = Debug|x86
		Release|Any CPU = Release|Any CPU
		Release|x64 = Release|x64
		Release|x86 = Release|x86
	EndGlobalSection
	GlobalSection(ProjectConfigurationPlatforms) = postSolution
		{D82A6DF2-389B-40A5-B5BA-C33216F32D64}.Debug|Any CPU.ActiveCfg = Debug|Any CPU
		{D82A6DF2-389B-40A5-B5BA-C33216F32D64}.Debug|Any CPU.Build.0 = Debug|Any CPU
		{D82A6DF2-389B-40A5-B5BA-C33216F32D64}.Debug|x64.ActiveCfg = Debug|Any CPU
		{D82A6DF2-389B-40A5-B5BA-C33216F32D64}.Debug|x64.Build.0 = Debug|Any CPU
		{D82A6DF2-389B-40A5-B5BA-C33216F32D64}.Debug|x86.ActiveCfg = Debug|Any CPU
		{D82A6DF2-389B-40A5-B5BA-C33216F32D64}.Debug|x86.Build.0 = Debug|Any CPU
		{D82A6DF2-389B-40A5-B5BA-C33216F32D64}.Release|Any CPU.ActiveCfg = Release|Any CPU
		{D82A6DF2-389B-40A5-B5BA-C33216F32D64}.Release|Any CPU.Build.0 = Release|Any CPU
		{D82A6DF2-389B-40A5-B5BA-C33216F32D64}.Release|x64.ActiveCfg = Release|Any CPU
		{D82A6DF2-389B-40A5-B5BA-C33216F32D64}.Release|x64.Build.0 = Release|Any CPU
		{D82A6DF2-389B-40A5-B5BA-C33216F32D64}.Release|x86.ActiveCfg = Release|Any CPU
		{D82A6DF2-389B-40A5-B5BA-C33216F32D64}.Release|x86.Build.0 = Release|Any CPU
		{0D0FB1AA-F744-4D91-9D7C-BAB6BA360DEB}.Debug|Any CPU.ActiveCfg = Debug|Any CPU
		{0D0FB1AA-F744-4D91-9D7C-BAB6BA360DEB}.Debug|Any CPU.Build.0 = Debug|Any CPU
		{0D0FB1AA-F744-4D91-9D7C-BAB6BA360DEB}.Debug|x64.ActiveCfg = Debug|Any CPU
		{0D0FB1AA-F744-4D91-9D7C-BAB6BA360DEB}.Debug|x64.Build.0 = Debug|Any CPU
		{0D0FB1AA-F744-4D91-9D7C-BAB6BA360DEB}.Debug|x86.ActiveCfg = Debug|Any CPU
		{0D0FB1AA-F744-4D91-9D7C-BAB6BA360DEB}.Debug|x86.Build.0 = Debug|Any CPU
		{0D0FB1AA-F744-4D91-9D7C-BAB6BA360DEB}.Release|Any CPU.ActiveCfg = Release|Any CPU
		{0D0FB1AA-F744-4D91-9D7C-BAB6BA360DEB}.Release|Any CPU.Build.0 = Release|Any CPU
		{0D0FB1AA-F744-4D91-9D7C-BAB6BA360DEB}.Release|x64.ActiveCfg = Release|Any CPU
		{0D0FB1AA-F744-4D91-9D7C-BAB6BA360DEB}.Release|x64.Build.0 = Release|Any CPU
		{0D0FB1AA-F744-4D91-9D7C-BAB6BA360DEB}.Release|x86.ActiveCfg = Release|Any CPU
		{0D0FB1AA-F744-4D91-9D7C-BAB6BA360DEB}.Release|x86.Build.0 = Release|Any CPU
		{DAEC9E64-30E2-4A55-B222-5276A93196EC}.Debug|Any CPU.ActiveCfg = Debug|Any CPU
		{DAEC9E64-30E2-4A55-B222-5276A93196EC}.Debug|Any CPU.Build.0 = Debug|Any CPU
		{DAEC9E64-30E2-4A55-B222-5276A93196EC}.Debug|x64.ActiveCfg = Debug|Any CPU
		{DAEC9E64-30E2-4A55-B222-5276A93196EC}.Debug|x64.Build.0 = Debug|Any CPU
		{DAEC9E64-30E2-4A55-B222-5276A93196EC}.Debug|x86.ActiveCfg = Debug|Any CPU
		{DAEC9E64-30E2-4A55-B222-5276A93196EC}.Debug|x86.Build.0 = Debug|Any CPU
		{DAEC9E64-30E2-4A55-B222-5276A93196EC}.Release|Any CPU.ActiveCfg = Release|Any CPU
		{DAEC9E64-30E2-4A55-B222-5276A93196EC}.Release|Any CPU.Build.0 = Release|Any CPU
		{DAEC9E64-30E2-4A55-B222-5276A93196EC}.Release|x64.ActiveCfg = Release|Any CPU
		{DAEC9E64-30E2-4A55-B222-5276A93196EC}.Release|x64.Build.0 = Release|Any CPU
		{DAEC9E64-30E2-4A55-B222-5276A93196EC}.Release|x86.ActiveCfg = Release|Any CPU
		{DAEC9E64-30E2-4A55-B222-5276A93196EC}.Release|x86.Build.0 = Release|Any CPU
		{6A862FBE-9408-4CD2-A5D9-D74EE4AD3701}.Debug|Any CPU.ActiveCfg = Debug|Any CPU
		{6A862FBE-9408-4CD2-A5D9-D74EE4AD3701}.Debug|Any CPU.Build.0 = Debug|Any CPU
		{6A862FBE-9408-4CD2-A5D9-D74EE4AD3701}.Debug|x64.ActiveCfg = Debug|Any CPU
		{6A862FBE-9408-4CD2-A5D9-D74EE4AD3701}.Debug|x64.Build.0 = Debug|Any CPU
		{6A862FBE-9408-4CD2-A5D9-D74EE4AD3701}.Debug|x86.ActiveCfg = Debug|Any CPU
		{6A862FBE-9408-4CD2-A5D9-D74EE4AD3701}.Debug|x86.Build.0 = Debug|Any CPU
		{6A862FBE-9408-4CD2-A5D9-D74EE4AD3701}.Release|Any CPU.ActiveCfg = Release|Any CPU
		{6A862FBE-9408-4CD2-A5D9-D74EE4AD3701}.Release|Any CPU.Build.0 = Release|Any CPU
		{6A862FBE-9408-4CD2-A5D9-D74EE4AD3701}.Release|x64.ActiveCfg = Release|Any CPU
		{6A862FBE-9408-4CD2-A5D9-D74EE4AD3701}.Release|x64.Build.0 = Release|Any CPU
		{6A862FBE-9408-4CD2-A5D9-D74EE4AD3701}.Release|x86.ActiveCfg = Release|Any CPU
		{6A862FBE-9408-4CD2-A5D9-D74EE4AD3701}.Release|x86.Build.0 = Release|Any CPU
		{57B5A35F-D937-4F63-8CBE-384E0A8BF6E3}.Debug|Any CPU.ActiveCfg = Debug|Any CPU
		{57B5A35F-D937-4F63-8CBE-384E0A8BF6E3}.Debug|Any CPU.Build.0 = Debug|Any CPU
		{57B5A35F-D937-4F63-8CBE-384E0A8BF6E3}.Debug|x64.ActiveCfg = Debug|Any CPU
		{57B5A35F-D937-4F63-8CBE-384E0A8BF6E3}.Debug|x64.Build.0 = Debug|Any CPU
		{57B5A35F-D937-4F63-8CBE-384E0A8BF6E3}.Debug|x86.ActiveCfg = Debug|Any CPU
		{57B5A35F-D937-4F63-8CBE-384E0A8BF6E3}.Debug|x86.Build.0 = Debug|Any CPU
		{57B5A35F-D937-4F63-8CBE-384E0A8BF6E3}.Release|Any CPU.ActiveCfg = Release|Any CPU
		{57B5A35F-D937-4F63-8CBE-384E0A8BF6E3}.Release|Any CPU.Build.0 = Release|Any CPU
		{57B5A35F-D937-4F63-8CBE-384E0A8BF6E3}.Release|x64.ActiveCfg = Release|Any CPU
		{57B5A35F-D937-4F63-8CBE-384E0A8BF6E3}.Release|x64.Build.0 = Release|Any CPU
		{57B5A35F-D937-4F63-8CBE-384E0A8BF6E3}.Release|x86.ActiveCfg = Release|Any CPU
		{57B5A35F-D937-4F63-8CBE-384E0A8BF6E3}.Release|x86.Build.0 = Release|Any CPU
		{15EA2CD7-9DE9-485B-B80C-16BBC1D2AB47}.Debug|Any CPU.ActiveCfg = Debug|Any CPU
		{15EA2CD7-9DE9-485B-B80C-16BBC1D2AB47}.Debug|Any CPU.Build.0 = Debug|Any CPU
		{15EA2CD7-9DE9-485B-B80C-16BBC1D2AB47}.Debug|x64.ActiveCfg = Debug|Any CPU
		{15EA2CD7-9DE9-485B-B80C-16BBC1D2AB47}.Debug|x64.Build.0 = Debug|Any CPU
		{15EA2CD7-9DE9-485B-B80C-16BBC1D2AB47}.Debug|x86.ActiveCfg = Debug|Any CPU
		{15EA2CD7-9DE9-485B-B80C-16BBC1D2AB47}.Debug|x86.Build.0 = Debug|Any CPU
		{15EA2CD7-9DE9-485B-B80C-16BBC1D2AB47}.Release|Any CPU.ActiveCfg = Release|Any CPU
		{15EA2CD7-9DE9-485B-B80C-16BBC1D2AB47}.Release|Any CPU.Build.0 = Release|Any CPU
		{15EA2CD7-9DE9-485B-B80C-16BBC1D2AB47}.Release|x64.ActiveCfg = Release|Any CPU
		{15EA2CD7-9DE9-485B-B80C-16BBC1D2AB47}.Release|x64.Build.0 = Release|Any CPU
		{15EA2CD7-9DE9-485B-B80C-16BBC1D2AB47}.Release|x86.ActiveCfg = Release|Any CPU
		{15EA2CD7-9DE9-485B-B80C-16BBC1D2AB47}.Release|x86.Build.0 = Release|Any CPU
		{37A108AB-C098-4F0A-9DE6-AA89938C2CEB}.Debug|Any CPU.ActiveCfg = Debug|Any CPU
		{37A108AB-C098-4F0A-9DE6-AA89938C2CEB}.Debug|Any CPU.Build.0 = Debug|Any CPU
		{37A108AB-C098-4F0A-9DE6-AA89938C2CEB}.Debug|x64.ActiveCfg = Debug|Any CPU
		{37A108AB-C098-4F0A-9DE6-AA89938C2CEB}.Debug|x64.Build.0 = Debug|Any CPU
		{37A108AB-C098-4F0A-9DE6-AA89938C2CEB}.Debug|x86.ActiveCfg = Debug|Any CPU
		{37A108AB-C098-4F0A-9DE6-AA89938C2CEB}.Debug|x86.Build.0 = Debug|Any CPU
		{37A108AB-C098-4F0A-9DE6-AA89938C2CEB}.Release|Any CPU.ActiveCfg = Release|Any CPU
		{37A108AB-C098-4F0A-9DE6-AA89938C2CEB}.Release|Any CPU.Build.0 = Release|Any CPU
		{37A108AB-C098-4F0A-9DE6-AA89938C2CEB}.Release|x64.ActiveCfg = Release|Any CPU
		{37A108AB-C098-4F0A-9DE6-AA89938C2CEB}.Release|x64.Build.0 = Release|Any CPU
		{37A108AB-C098-4F0A-9DE6-AA89938C2CEB}.Release|x86.ActiveCfg = Release|Any CPU
		{37A108AB-C098-4F0A-9DE6-AA89938C2CEB}.Release|x86.Build.0 = Release|Any CPU
		{F845B545-7B32-40CF-82A1-D95C194316C6}.Debug|Any CPU.ActiveCfg = Debug|Any CPU
		{F845B545-7B32-40CF-82A1-D95C194316C6}.Debug|Any CPU.Build.0 = Debug|Any CPU
		{F845B545-7B32-40CF-82A1-D95C194316C6}.Debug|x64.ActiveCfg = Debug|Any CPU
		{F845B545-7B32-40CF-82A1-D95C194316C6}.Debug|x64.Build.0 = Debug|Any CPU
		{F845B545-7B32-40CF-82A1-D95C194316C6}.Debug|x86.ActiveCfg = Debug|Any CPU
		{F845B545-7B32-40CF-82A1-D95C194316C6}.Debug|x86.Build.0 = Debug|Any CPU
		{F845B545-7B32-40CF-82A1-D95C194316C6}.Release|Any CPU.ActiveCfg = Release|Any CPU
		{F845B545-7B32-40CF-82A1-D95C194316C6}.Release|Any CPU.Build.0 = Release|Any CPU
		{F845B545-7B32-40CF-82A1-D95C194316C6}.Release|x64.ActiveCfg = Release|Any CPU
		{F845B545-7B32-40CF-82A1-D95C194316C6}.Release|x64.Build.0 = Release|Any CPU
		{F845B545-7B32-40CF-82A1-D95C194316C6}.Release|x86.ActiveCfg = Release|Any CPU
		{F845B545-7B32-40CF-82A1-D95C194316C6}.Release|x86.Build.0 = Release|Any CPU
		{B6C0D2F4-DC51-462C-8E28-D8008DAF9E17}.Debug|Any CPU.ActiveCfg = Debug|Any CPU
		{B6C0D2F4-DC51-462C-8E28-D8008DAF9E17}.Debug|Any CPU.Build.0 = Debug|Any CPU
		{B6C0D2F4-DC51-462C-8E28-D8008DAF9E17}.Debug|x64.ActiveCfg = Debug|Any CPU
		{B6C0D2F4-DC51-462C-8E28-D8008DAF9E17}.Debug|x64.Build.0 = Debug|Any CPU
		{B6C0D2F4-DC51-462C-8E28-D8008DAF9E17}.Debug|x86.ActiveCfg = Debug|Any CPU
		{B6C0D2F4-DC51-462C-8E28-D8008DAF9E17}.Debug|x86.Build.0 = Debug|Any CPU
		{B6C0D2F4-DC51-462C-8E28-D8008DAF9E17}.Release|Any CPU.ActiveCfg = Release|Any CPU
		{B6C0D2F4-DC51-462C-8E28-D8008DAF9E17}.Release|Any CPU.Build.0 = Release|Any CPU
		{B6C0D2F4-DC51-462C-8E28-D8008DAF9E17}.Release|x64.ActiveCfg = Release|Any CPU
		{B6C0D2F4-DC51-462C-8E28-D8008DAF9E17}.Release|x64.Build.0 = Release|Any CPU
		{B6C0D2F4-DC51-462C-8E28-D8008DAF9E17}.Release|x86.ActiveCfg = Release|Any CPU
		{B6C0D2F4-DC51-462C-8E28-D8008DAF9E17}.Release|x86.Build.0 = Release|Any CPU
		{58FE9CB3-825C-4F34-8300-ADA12C32D8DB}.Debug|Any CPU.ActiveCfg = Debug|Any CPU
		{58FE9CB3-825C-4F34-8300-ADA12C32D8DB}.Debug|Any CPU.Build.0 = Debug|Any CPU
		{58FE9CB3-825C-4F34-8300-ADA12C32D8DB}.Debug|x64.ActiveCfg = Debug|Any CPU
		{58FE9CB3-825C-4F34-8300-ADA12C32D8DB}.Debug|x64.Build.0 = Debug|Any CPU
		{58FE9CB3-825C-4F34-8300-ADA12C32D8DB}.Debug|x86.ActiveCfg = Debug|Any CPU
		{58FE9CB3-825C-4F34-8300-ADA12C32D8DB}.Debug|x86.Build.0 = Debug|Any CPU
		{58FE9CB3-825C-4F34-8300-ADA12C32D8DB}.Release|Any CPU.ActiveCfg = Release|Any CPU
		{58FE9CB3-825C-4F34-8300-ADA12C32D8DB}.Release|Any CPU.Build.0 = Release|Any CPU
		{58FE9CB3-825C-4F34-8300-ADA12C32D8DB}.Release|x64.ActiveCfg = Release|Any CPU
		{58FE9CB3-825C-4F34-8300-ADA12C32D8DB}.Release|x64.Build.0 = Release|Any CPU
		{58FE9CB3-825C-4F34-8300-ADA12C32D8DB}.Release|x86.ActiveCfg = Release|Any CPU
		{58FE9CB3-825C-4F34-8300-ADA12C32D8DB}.Release|x86.Build.0 = Release|Any CPU
		{358068CF-743E-4C1A-B1C9-365DC39006C8}.Debug|Any CPU.ActiveCfg = Debug|Any CPU
		{358068CF-743E-4C1A-B1C9-365DC39006C8}.Debug|Any CPU.Build.0 = Debug|Any CPU
		{358068CF-743E-4C1A-B1C9-365DC39006C8}.Debug|x64.ActiveCfg = Debug|Any CPU
		{358068CF-743E-4C1A-B1C9-365DC39006C8}.Debug|x64.Build.0 = Debug|Any CPU
		{358068CF-743E-4C1A-B1C9-365DC39006C8}.Debug|x86.ActiveCfg = Debug|Any CPU
		{358068CF-743E-4C1A-B1C9-365DC39006C8}.Debug|x86.Build.0 = Debug|Any CPU
		{358068CF-743E-4C1A-B1C9-365DC39006C8}.Release|Any CPU.ActiveCfg = Release|Any CPU
		{358068CF-743E-4C1A-B1C9-365DC39006C8}.Release|Any CPU.Build.0 = Release|Any CPU
		{358068CF-743E-4C1A-B1C9-365DC39006C8}.Release|x64.ActiveCfg = Release|Any CPU
		{358068CF-743E-4C1A-B1C9-365DC39006C8}.Release|x64.Build.0 = Release|Any CPU
		{358068CF-743E-4C1A-B1C9-365DC39006C8}.Release|x86.ActiveCfg = Release|Any CPU
		{358068CF-743E-4C1A-B1C9-365DC39006C8}.Release|x86.Build.0 = Release|Any CPU
		{2A346FFC-3889-4EDE-9E41-9AA539462B5C}.Debug|Any CPU.ActiveCfg = Debug|Any CPU
		{2A346FFC-3889-4EDE-9E41-9AA539462B5C}.Debug|Any CPU.Build.0 = Debug|Any CPU
		{2A346FFC-3889-4EDE-9E41-9AA539462B5C}.Debug|x64.ActiveCfg = Debug|Any CPU
		{2A346FFC-3889-4EDE-9E41-9AA539462B5C}.Debug|x64.Build.0 = Debug|Any CPU
		{2A346FFC-3889-4EDE-9E41-9AA539462B5C}.Debug|x86.ActiveCfg = Debug|Any CPU
		{2A346FFC-3889-4EDE-9E41-9AA539462B5C}.Debug|x86.Build.0 = Debug|Any CPU
		{2A346FFC-3889-4EDE-9E41-9AA539462B5C}.Release|Any CPU.ActiveCfg = Release|Any CPU
		{2A346FFC-3889-4EDE-9E41-9AA539462B5C}.Release|Any CPU.Build.0 = Release|Any CPU
		{2A346FFC-3889-4EDE-9E41-9AA539462B5C}.Release|x64.ActiveCfg = Release|Any CPU
		{2A346FFC-3889-4EDE-9E41-9AA539462B5C}.Release|x64.Build.0 = Release|Any CPU
		{2A346FFC-3889-4EDE-9E41-9AA539462B5C}.Release|x86.ActiveCfg = Release|Any CPU
		{2A346FFC-3889-4EDE-9E41-9AA539462B5C}.Release|x86.Build.0 = Release|Any CPU
		{A08E5965-48C7-4508-8274-6F6797B02384}.Debug|Any CPU.ActiveCfg = Debug|Any CPU
		{A08E5965-48C7-4508-8274-6F6797B02384}.Debug|Any CPU.Build.0 = Debug|Any CPU
		{A08E5965-48C7-4508-8274-6F6797B02384}.Debug|x64.ActiveCfg = Debug|Any CPU
		{A08E5965-48C7-4508-8274-6F6797B02384}.Debug|x64.Build.0 = Debug|Any CPU
		{A08E5965-48C7-4508-8274-6F6797B02384}.Debug|x86.ActiveCfg = Debug|Any CPU
		{A08E5965-48C7-4508-8274-6F6797B02384}.Debug|x86.Build.0 = Debug|Any CPU
		{A08E5965-48C7-4508-8274-6F6797B02384}.Release|Any CPU.ActiveCfg = Release|Any CPU
		{A08E5965-48C7-4508-8274-6F6797B02384}.Release|Any CPU.Build.0 = Release|Any CPU
		{A08E5965-48C7-4508-8274-6F6797B02384}.Release|x64.ActiveCfg = Release|Any CPU
		{A08E5965-48C7-4508-8274-6F6797B02384}.Release|x64.Build.0 = Release|Any CPU
		{A08E5965-48C7-4508-8274-6F6797B02384}.Release|x86.ActiveCfg = Release|Any CPU
		{A08E5965-48C7-4508-8274-6F6797B02384}.Release|x86.Build.0 = Release|Any CPU
		{6C85BC9E-ED5E-4096-9B3E-441DB499299E}.Debug|Any CPU.ActiveCfg = Debug|Any CPU
		{6C85BC9E-ED5E-4096-9B3E-441DB499299E}.Debug|Any CPU.Build.0 = Debug|Any CPU
		{6C85BC9E-ED5E-4096-9B3E-441DB499299E}.Debug|x64.ActiveCfg = Debug|Any CPU
		{6C85BC9E-ED5E-4096-9B3E-441DB499299E}.Debug|x64.Build.0 = Debug|Any CPU
		{6C85BC9E-ED5E-4096-9B3E-441DB499299E}.Debug|x86.ActiveCfg = Debug|Any CPU
		{6C85BC9E-ED5E-4096-9B3E-441DB499299E}.Debug|x86.Build.0 = Debug|Any CPU
		{6C85BC9E-ED5E-4096-9B3E-441DB499299E}.Release|Any CPU.ActiveCfg = Release|Any CPU
		{6C85BC9E-ED5E-4096-9B3E-441DB499299E}.Release|Any CPU.Build.0 = Release|Any CPU
		{6C85BC9E-ED5E-4096-9B3E-441DB499299E}.Release|x64.ActiveCfg = Release|Any CPU
		{6C85BC9E-ED5E-4096-9B3E-441DB499299E}.Release|x64.Build.0 = Release|Any CPU
		{6C85BC9E-ED5E-4096-9B3E-441DB499299E}.Release|x86.ActiveCfg = Release|Any CPU
		{6C85BC9E-ED5E-4096-9B3E-441DB499299E}.Release|x86.Build.0 = Release|Any CPU
		{81B688B2-C9CB-45D3-AE50-0F62E9318DF0}.Debug|Any CPU.ActiveCfg = Debug|Any CPU
		{81B688B2-C9CB-45D3-AE50-0F62E9318DF0}.Debug|Any CPU.Build.0 = Debug|Any CPU
		{81B688B2-C9CB-45D3-AE50-0F62E9318DF0}.Debug|x64.ActiveCfg = Debug|Any CPU
		{81B688B2-C9CB-45D3-AE50-0F62E9318DF0}.Debug|x64.Build.0 = Debug|Any CPU
		{81B688B2-C9CB-45D3-AE50-0F62E9318DF0}.Debug|x86.ActiveCfg = Debug|Any CPU
		{81B688B2-C9CB-45D3-AE50-0F62E9318DF0}.Debug|x86.Build.0 = Debug|Any CPU
		{81B688B2-C9CB-45D3-AE50-0F62E9318DF0}.Release|Any CPU.ActiveCfg = Release|Any CPU
		{81B688B2-C9CB-45D3-AE50-0F62E9318DF0}.Release|Any CPU.Build.0 = Release|Any CPU
		{81B688B2-C9CB-45D3-AE50-0F62E9318DF0}.Release|x64.ActiveCfg = Release|Any CPU
		{81B688B2-C9CB-45D3-AE50-0F62E9318DF0}.Release|x64.Build.0 = Release|Any CPU
		{81B688B2-C9CB-45D3-AE50-0F62E9318DF0}.Release|x86.ActiveCfg = Release|Any CPU
		{81B688B2-C9CB-45D3-AE50-0F62E9318DF0}.Release|x86.Build.0 = Release|Any CPU
		{F2B9D5FE-E098-452A-828A-6DE979088A5B}.Debug|Any CPU.ActiveCfg = Debug|Any CPU
		{F2B9D5FE-E098-452A-828A-6DE979088A5B}.Debug|Any CPU.Build.0 = Debug|Any CPU
		{F2B9D5FE-E098-452A-828A-6DE979088A5B}.Debug|x64.ActiveCfg = Debug|Any CPU
		{F2B9D5FE-E098-452A-828A-6DE979088A5B}.Debug|x64.Build.0 = Debug|Any CPU
		{F2B9D5FE-E098-452A-828A-6DE979088A5B}.Debug|x86.ActiveCfg = Debug|Any CPU
		{F2B9D5FE-E098-452A-828A-6DE979088A5B}.Debug|x86.Build.0 = Debug|Any CPU
		{F2B9D5FE-E098-452A-828A-6DE979088A5B}.Release|Any CPU.ActiveCfg = Release|Any CPU
		{F2B9D5FE-E098-452A-828A-6DE979088A5B}.Release|Any CPU.Build.0 = Release|Any CPU
		{F2B9D5FE-E098-452A-828A-6DE979088A5B}.Release|x64.ActiveCfg = Release|Any CPU
		{F2B9D5FE-E098-452A-828A-6DE979088A5B}.Release|x64.Build.0 = Release|Any CPU
		{F2B9D5FE-E098-452A-828A-6DE979088A5B}.Release|x86.ActiveCfg = Release|Any CPU
		{F2B9D5FE-E098-452A-828A-6DE979088A5B}.Release|x86.Build.0 = Release|Any CPU
		{2DC9D0A9-DD36-4942-9473-EB322AA6A901}.Debug|Any CPU.ActiveCfg = Debug|Any CPU
		{2DC9D0A9-DD36-4942-9473-EB322AA6A901}.Debug|Any CPU.Build.0 = Debug|Any CPU
		{2DC9D0A9-DD36-4942-9473-EB322AA6A901}.Debug|x64.ActiveCfg = Debug|Any CPU
		{2DC9D0A9-DD36-4942-9473-EB322AA6A901}.Debug|x64.Build.0 = Debug|Any CPU
		{2DC9D0A9-DD36-4942-9473-EB322AA6A901}.Debug|x86.ActiveCfg = Debug|Any CPU
		{2DC9D0A9-DD36-4942-9473-EB322AA6A901}.Debug|x86.Build.0 = Debug|Any CPU
		{2DC9D0A9-DD36-4942-9473-EB322AA6A901}.Release|Any CPU.ActiveCfg = Release|Any CPU
		{2DC9D0A9-DD36-4942-9473-EB322AA6A901}.Release|Any CPU.Build.0 = Release|Any CPU
		{2DC9D0A9-DD36-4942-9473-EB322AA6A901}.Release|x64.ActiveCfg = Release|Any CPU
		{2DC9D0A9-DD36-4942-9473-EB322AA6A901}.Release|x64.Build.0 = Release|Any CPU
		{2DC9D0A9-DD36-4942-9473-EB322AA6A901}.Release|x86.ActiveCfg = Release|Any CPU
		{2DC9D0A9-DD36-4942-9473-EB322AA6A901}.Release|x86.Build.0 = Release|Any CPU
		{7EF96408-CD58-486E-8D03-6138B3E39B7C}.Debug|Any CPU.ActiveCfg = Debug|Any CPU
		{7EF96408-CD58-486E-8D03-6138B3E39B7C}.Debug|Any CPU.Build.0 = Debug|Any CPU
		{7EF96408-CD58-486E-8D03-6138B3E39B7C}.Debug|x64.ActiveCfg = Debug|Any CPU
		{7EF96408-CD58-486E-8D03-6138B3E39B7C}.Debug|x64.Build.0 = Debug|Any CPU
		{7EF96408-CD58-486E-8D03-6138B3E39B7C}.Debug|x86.ActiveCfg = Debug|Any CPU
		{7EF96408-CD58-486E-8D03-6138B3E39B7C}.Debug|x86.Build.0 = Debug|Any CPU
		{7EF96408-CD58-486E-8D03-6138B3E39B7C}.Release|Any CPU.ActiveCfg = Release|Any CPU
		{7EF96408-CD58-486E-8D03-6138B3E39B7C}.Release|Any CPU.Build.0 = Release|Any CPU
		{7EF96408-CD58-486E-8D03-6138B3E39B7C}.Release|x64.ActiveCfg = Release|Any CPU
		{7EF96408-CD58-486E-8D03-6138B3E39B7C}.Release|x64.Build.0 = Release|Any CPU
		{7EF96408-CD58-486E-8D03-6138B3E39B7C}.Release|x86.ActiveCfg = Release|Any CPU
		{7EF96408-CD58-486E-8D03-6138B3E39B7C}.Release|x86.Build.0 = Release|Any CPU
		{74003922-8E6F-4283-9994-D678D45780DC}.Debug|Any CPU.ActiveCfg = Debug|Any CPU
		{74003922-8E6F-4283-9994-D678D45780DC}.Debug|Any CPU.Build.0 = Debug|Any CPU
		{74003922-8E6F-4283-9994-D678D45780DC}.Debug|x64.ActiveCfg = Debug|Any CPU
		{74003922-8E6F-4283-9994-D678D45780DC}.Debug|x64.Build.0 = Debug|Any CPU
		{74003922-8E6F-4283-9994-D678D45780DC}.Debug|x86.ActiveCfg = Debug|Any CPU
		{74003922-8E6F-4283-9994-D678D45780DC}.Debug|x86.Build.0 = Debug|Any CPU
		{74003922-8E6F-4283-9994-D678D45780DC}.Release|Any CPU.ActiveCfg = Release|Any CPU
		{74003922-8E6F-4283-9994-D678D45780DC}.Release|Any CPU.Build.0 = Release|Any CPU
		{74003922-8E6F-4283-9994-D678D45780DC}.Release|x64.ActiveCfg = Release|Any CPU
		{74003922-8E6F-4283-9994-D678D45780DC}.Release|x64.Build.0 = Release|Any CPU
		{74003922-8E6F-4283-9994-D678D45780DC}.Release|x86.ActiveCfg = Release|Any CPU
		{74003922-8E6F-4283-9994-D678D45780DC}.Release|x86.Build.0 = Release|Any CPU
		{F8EA23BF-3C99-444E-8ECD-C7DFB024B0FD}.Debug|Any CPU.ActiveCfg = Debug|Any CPU
		{F8EA23BF-3C99-444E-8ECD-C7DFB024B0FD}.Debug|Any CPU.Build.0 = Debug|Any CPU
		{F8EA23BF-3C99-444E-8ECD-C7DFB024B0FD}.Debug|x64.ActiveCfg = Debug|Any CPU
		{F8EA23BF-3C99-444E-8ECD-C7DFB024B0FD}.Debug|x64.Build.0 = Debug|Any CPU
		{F8EA23BF-3C99-444E-8ECD-C7DFB024B0FD}.Debug|x86.ActiveCfg = Debug|Any CPU
		{F8EA23BF-3C99-444E-8ECD-C7DFB024B0FD}.Debug|x86.Build.0 = Debug|Any CPU
		{F8EA23BF-3C99-444E-8ECD-C7DFB024B0FD}.Release|Any CPU.ActiveCfg = Release|Any CPU
		{F8EA23BF-3C99-444E-8ECD-C7DFB024B0FD}.Release|Any CPU.Build.0 = Release|Any CPU
		{F8EA23BF-3C99-444E-8ECD-C7DFB024B0FD}.Release|x64.ActiveCfg = Release|Any CPU
		{F8EA23BF-3C99-444E-8ECD-C7DFB024B0FD}.Release|x64.Build.0 = Release|Any CPU
		{F8EA23BF-3C99-444E-8ECD-C7DFB024B0FD}.Release|x86.ActiveCfg = Release|Any CPU
		{F8EA23BF-3C99-444E-8ECD-C7DFB024B0FD}.Release|x86.Build.0 = Release|Any CPU
		{51F49474-6672-4A4B-9EE0-7D4417B3B00E}.Debug|Any CPU.ActiveCfg = Debug|Any CPU
		{51F49474-6672-4A4B-9EE0-7D4417B3B00E}.Debug|Any CPU.Build.0 = Debug|Any CPU
		{51F49474-6672-4A4B-9EE0-7D4417B3B00E}.Debug|x64.ActiveCfg = Debug|Any CPU
		{51F49474-6672-4A4B-9EE0-7D4417B3B00E}.Debug|x64.Build.0 = Debug|Any CPU
		{51F49474-6672-4A4B-9EE0-7D4417B3B00E}.Debug|x86.ActiveCfg = Debug|Any CPU
		{51F49474-6672-4A4B-9EE0-7D4417B3B00E}.Debug|x86.Build.0 = Debug|Any CPU
		{51F49474-6672-4A4B-9EE0-7D4417B3B00E}.Release|Any CPU.ActiveCfg = Release|Any CPU
		{51F49474-6672-4A4B-9EE0-7D4417B3B00E}.Release|Any CPU.Build.0 = Release|Any CPU
		{51F49474-6672-4A4B-9EE0-7D4417B3B00E}.Release|x64.ActiveCfg = Release|Any CPU
		{51F49474-6672-4A4B-9EE0-7D4417B3B00E}.Release|x64.Build.0 = Release|Any CPU
		{51F49474-6672-4A4B-9EE0-7D4417B3B00E}.Release|x86.ActiveCfg = Release|Any CPU
		{51F49474-6672-4A4B-9EE0-7D4417B3B00E}.Release|x86.Build.0 = Release|Any CPU
		{D4970D82-4F04-429D-868B-1ECFBD2EB501}.Debug|Any CPU.ActiveCfg = Debug|Any CPU
		{D4970D82-4F04-429D-868B-1ECFBD2EB501}.Debug|Any CPU.Build.0 = Debug|Any CPU
		{D4970D82-4F04-429D-868B-1ECFBD2EB501}.Debug|x64.ActiveCfg = Debug|Any CPU
		{D4970D82-4F04-429D-868B-1ECFBD2EB501}.Debug|x64.Build.0 = Debug|Any CPU
		{D4970D82-4F04-429D-868B-1ECFBD2EB501}.Debug|x86.ActiveCfg = Debug|Any CPU
		{D4970D82-4F04-429D-868B-1ECFBD2EB501}.Debug|x86.Build.0 = Debug|Any CPU
		{D4970D82-4F04-429D-868B-1ECFBD2EB501}.Release|Any CPU.ActiveCfg = Release|Any CPU
		{D4970D82-4F04-429D-868B-1ECFBD2EB501}.Release|Any CPU.Build.0 = Release|Any CPU
		{D4970D82-4F04-429D-868B-1ECFBD2EB501}.Release|x64.ActiveCfg = Release|Any CPU
		{D4970D82-4F04-429D-868B-1ECFBD2EB501}.Release|x64.Build.0 = Release|Any CPU
		{D4970D82-4F04-429D-868B-1ECFBD2EB501}.Release|x86.ActiveCfg = Release|Any CPU
		{D4970D82-4F04-429D-868B-1ECFBD2EB501}.Release|x86.Build.0 = Release|Any CPU
		{77D93026-B1B5-41C8-B0F6-C33FDF5932E3}.Debug|Any CPU.ActiveCfg = Debug|Any CPU
		{77D93026-B1B5-41C8-B0F6-C33FDF5932E3}.Debug|Any CPU.Build.0 = Debug|Any CPU
		{77D93026-B1B5-41C8-B0F6-C33FDF5932E3}.Debug|x64.ActiveCfg = Debug|Any CPU
		{77D93026-B1B5-41C8-B0F6-C33FDF5932E3}.Debug|x64.Build.0 = Debug|Any CPU
		{77D93026-B1B5-41C8-B0F6-C33FDF5932E3}.Debug|x86.ActiveCfg = Debug|Any CPU
		{77D93026-B1B5-41C8-B0F6-C33FDF5932E3}.Debug|x86.Build.0 = Debug|Any CPU
		{77D93026-B1B5-41C8-B0F6-C33FDF5932E3}.Release|Any CPU.ActiveCfg = Release|Any CPU
		{77D93026-B1B5-41C8-B0F6-C33FDF5932E3}.Release|Any CPU.Build.0 = Release|Any CPU
		{77D93026-B1B5-41C8-B0F6-C33FDF5932E3}.Release|x64.ActiveCfg = Release|Any CPU
		{77D93026-B1B5-41C8-B0F6-C33FDF5932E3}.Release|x64.Build.0 = Release|Any CPU
		{77D93026-B1B5-41C8-B0F6-C33FDF5932E3}.Release|x86.ActiveCfg = Release|Any CPU
		{77D93026-B1B5-41C8-B0F6-C33FDF5932E3}.Release|x86.Build.0 = Release|Any CPU
		{99507BA0-BB0B-3FD9-D8E2-2AE9B409CB73}.Debug|Any CPU.ActiveCfg = Debug|Any CPU
		{99507BA0-BB0B-3FD9-D8E2-2AE9B409CB73}.Debug|Any CPU.Build.0 = Debug|Any CPU
		{99507BA0-BB0B-3FD9-D8E2-2AE9B409CB73}.Debug|x64.ActiveCfg = Debug|Any CPU
		{99507BA0-BB0B-3FD9-D8E2-2AE9B409CB73}.Debug|x64.Build.0 = Debug|Any CPU
		{99507BA0-BB0B-3FD9-D8E2-2AE9B409CB73}.Debug|x86.ActiveCfg = Debug|Any CPU
		{99507BA0-BB0B-3FD9-D8E2-2AE9B409CB73}.Debug|x86.Build.0 = Debug|Any CPU
		{99507BA0-BB0B-3FD9-D8E2-2AE9B409CB73}.Release|Any CPU.ActiveCfg = Release|Any CPU
		{99507BA0-BB0B-3FD9-D8E2-2AE9B409CB73}.Release|Any CPU.Build.0 = Release|Any CPU
		{99507BA0-BB0B-3FD9-D8E2-2AE9B409CB73}.Release|x64.ActiveCfg = Release|Any CPU
		{99507BA0-BB0B-3FD9-D8E2-2AE9B409CB73}.Release|x64.Build.0 = Release|Any CPU
		{99507BA0-BB0B-3FD9-D8E2-2AE9B409CB73}.Release|x86.ActiveCfg = Release|Any CPU
		{99507BA0-BB0B-3FD9-D8E2-2AE9B409CB73}.Release|x86.Build.0 = Release|Any CPU
		{901DC543-E2E5-D31F-BA6E-E5EE583B09D7}.Debug|Any CPU.ActiveCfg = Debug|Any CPU
		{901DC543-E2E5-D31F-BA6E-E5EE583B09D7}.Debug|Any CPU.Build.0 = Debug|Any CPU
		{901DC543-E2E5-D31F-BA6E-E5EE583B09D7}.Debug|x64.ActiveCfg = Debug|Any CPU
		{901DC543-E2E5-D31F-BA6E-E5EE583B09D7}.Debug|x64.Build.0 = Debug|Any CPU
		{901DC543-E2E5-D31F-BA6E-E5EE583B09D7}.Debug|x86.ActiveCfg = Debug|Any CPU
		{901DC543-E2E5-D31F-BA6E-E5EE583B09D7}.Debug|x86.Build.0 = Debug|Any CPU
		{901DC543-E2E5-D31F-BA6E-E5EE583B09D7}.Release|Any CPU.ActiveCfg = Release|Any CPU
		{901DC543-E2E5-D31F-BA6E-E5EE583B09D7}.Release|Any CPU.Build.0 = Release|Any CPU
		{901DC543-E2E5-D31F-BA6E-E5EE583B09D7}.Release|x64.ActiveCfg = Release|Any CPU
		{901DC543-E2E5-D31F-BA6E-E5EE583B09D7}.Release|x64.Build.0 = Release|Any CPU
		{901DC543-E2E5-D31F-BA6E-E5EE583B09D7}.Release|x86.ActiveCfg = Release|Any CPU
		{901DC543-E2E5-D31F-BA6E-E5EE583B09D7}.Release|x86.Build.0 = Release|Any CPU
		{2B8CBC42-73F5-05D2-82FD-1E92EC768027}.Debug|Any CPU.ActiveCfg = Debug|Any CPU
		{2B8CBC42-73F5-05D2-82FD-1E92EC768027}.Debug|Any CPU.Build.0 = Debug|Any CPU
		{2B8CBC42-73F5-05D2-82FD-1E92EC768027}.Debug|x64.ActiveCfg = Debug|Any CPU
		{2B8CBC42-73F5-05D2-82FD-1E92EC768027}.Debug|x64.Build.0 = Debug|Any CPU
		{2B8CBC42-73F5-05D2-82FD-1E92EC768027}.Debug|x86.ActiveCfg = Debug|Any CPU
		{2B8CBC42-73F5-05D2-82FD-1E92EC768027}.Debug|x86.Build.0 = Debug|Any CPU
		{2B8CBC42-73F5-05D2-82FD-1E92EC768027}.Release|Any CPU.ActiveCfg = Release|Any CPU
		{2B8CBC42-73F5-05D2-82FD-1E92EC768027}.Release|Any CPU.Build.0 = Release|Any CPU
		{2B8CBC42-73F5-05D2-82FD-1E92EC768027}.Release|x64.ActiveCfg = Release|Any CPU
		{2B8CBC42-73F5-05D2-82FD-1E92EC768027}.Release|x64.Build.0 = Release|Any CPU
		{2B8CBC42-73F5-05D2-82FD-1E92EC768027}.Release|x86.ActiveCfg = Release|Any CPU
		{2B8CBC42-73F5-05D2-82FD-1E92EC768027}.Release|x86.Build.0 = Release|Any CPU
		{A9905DCB-585D-4332-8A3C-DE8079212787}.Debug|Any CPU.ActiveCfg = Debug|Any CPU
		{A9905DCB-585D-4332-8A3C-DE8079212787}.Debug|Any CPU.Build.0 = Debug|Any CPU
		{A9905DCB-585D-4332-8A3C-DE8079212787}.Debug|x64.ActiveCfg = Debug|Any CPU
		{A9905DCB-585D-4332-8A3C-DE8079212787}.Debug|x64.Build.0 = Debug|Any CPU
		{A9905DCB-585D-4332-8A3C-DE8079212787}.Debug|x86.ActiveCfg = Debug|Any CPU
		{A9905DCB-585D-4332-8A3C-DE8079212787}.Debug|x86.Build.0 = Debug|Any CPU
		{A9905DCB-585D-4332-8A3C-DE8079212787}.Release|Any CPU.ActiveCfg = Release|Any CPU
		{A9905DCB-585D-4332-8A3C-DE8079212787}.Release|Any CPU.Build.0 = Release|Any CPU
		{A9905DCB-585D-4332-8A3C-DE8079212787}.Release|x64.ActiveCfg = Release|Any CPU
		{A9905DCB-585D-4332-8A3C-DE8079212787}.Release|x64.Build.0 = Release|Any CPU
		{A9905DCB-585D-4332-8A3C-DE8079212787}.Release|x86.ActiveCfg = Release|Any CPU
		{A9905DCB-585D-4332-8A3C-DE8079212787}.Release|x86.Build.0 = Release|Any CPU
	EndGlobalSection
	GlobalSection(SolutionProperties) = preSolution
		HideSolutionNode = FALSE
	EndGlobalSection
	GlobalSection(NestedProjects) = preSolution
		{81034408-37C8-1011-444E-4C15C2FADA8E} = {827E0CD3-B72D-47B6-A68D-7590B98EB39B}
		{112AE649-54EC-F07E-178E-910D924D401A} = {81034408-37C8-1011-444E-4C15C2FADA8E}
		{D82A6DF2-389B-40A5-B5BA-C33216F32D64} = {112AE649-54EC-F07E-178E-910D924D401A}
		{0D0FB1AA-F744-4D91-9D7C-BAB6BA360DEB} = {112AE649-54EC-F07E-178E-910D924D401A}
		{DAEC9E64-30E2-4A55-B222-5276A93196EC} = {112AE649-54EC-F07E-178E-910D924D401A}
		{BD9378EF-E26D-90E5-E258-05ECD01745A2} = {81034408-37C8-1011-444E-4C15C2FADA8E}
		{6A862FBE-9408-4CD2-A5D9-D74EE4AD3701} = {BD9378EF-E26D-90E5-E258-05ECD01745A2}
		{57B5A35F-D937-4F63-8CBE-384E0A8BF6E3} = {BD9378EF-E26D-90E5-E258-05ECD01745A2}
		{ABD031A3-8F97-44D1-2F46-14214DE133C3} = {81034408-37C8-1011-444E-4C15C2FADA8E}
		{15EA2CD7-9DE9-485B-B80C-16BBC1D2AB47} = {ABD031A3-8F97-44D1-2F46-14214DE133C3}
		{37A108AB-C098-4F0A-9DE6-AA89938C2CEB} = {ABD031A3-8F97-44D1-2F46-14214DE133C3}
		{F845B545-7B32-40CF-82A1-D95C194316C6} = {ABD031A3-8F97-44D1-2F46-14214DE133C3}
		{B6C0D2F4-DC51-462C-8E28-D8008DAF9E17} = {ABD031A3-8F97-44D1-2F46-14214DE133C3}
		{AD2A5A3B-A595-3E96-334A-002D08FE630C} = {827E0CD3-B72D-47B6-A68D-7590B98EB39B}
		{DE49DA5C-1778-DB91-C50F-C22E2572F073} = {AD2A5A3B-A595-3E96-334A-002D08FE630C}
		{26E37B9E-F670-F8E6-DEE0-7EFF87822C99} = {DE49DA5C-1778-DB91-C50F-C22E2572F073}
		{58FE9CB3-825C-4F34-8300-ADA12C32D8DB} = {26E37B9E-F670-F8E6-DEE0-7EFF87822C99}
		{358068CF-743E-4C1A-B1C9-365DC39006C8} = {26E37B9E-F670-F8E6-DEE0-7EFF87822C99}
		{2A346FFC-3889-4EDE-9E41-9AA539462B5C} = {26E37B9E-F670-F8E6-DEE0-7EFF87822C99}
		{9D556B49-86D1-93A7-9596-FFAAB74EC556} = {0AB3BF05-4346-4AA6-1389-037BE0695223}
		{8AD1FA30-1370-13BC-2574-69D3DAF8A2B5} = {9D556B49-86D1-93A7-9596-FFAAB74EC556}
		{A08E5965-48C7-4508-8274-6F6797B02384} = {8AD1FA30-1370-13BC-2574-69D3DAF8A2B5}
		{6C85BC9E-ED5E-4096-9B3E-441DB499299E} = {8AD1FA30-1370-13BC-2574-69D3DAF8A2B5}
		{395A7B26-5A83-A3AB-7AC4-9B78A317B6C1} = {9D556B49-86D1-93A7-9596-FFAAB74EC556}
		{E626A763-9CCA-290C-D32E-AB37D821E747} = {395A7B26-5A83-A3AB-7AC4-9B78A317B6C1}
		{81B688B2-C9CB-45D3-AE50-0F62E9318DF0} = {E626A763-9CCA-290C-D32E-AB37D821E747}
		{F2B9D5FE-E098-452A-828A-6DE979088A5B} = {E626A763-9CCA-290C-D32E-AB37D821E747}
		{2DC9D0A9-DD36-4942-9473-EB322AA6A901} = {E626A763-9CCA-290C-D32E-AB37D821E747}
		{7EF96408-CD58-486E-8D03-6138B3E39B7C} = {E626A763-9CCA-290C-D32E-AB37D821E747}
		{74003922-8E6F-4283-9994-D678D45780DC} = {E626A763-9CCA-290C-D32E-AB37D821E747}
		{F8EA23BF-3C99-444E-8ECD-C7DFB024B0FD} = {E626A763-9CCA-290C-D32E-AB37D821E747}
		{51F49474-6672-4A4B-9EE0-7D4417B3B00E} = {E626A763-9CCA-290C-D32E-AB37D821E747}
		{D4970D82-4F04-429D-868B-1ECFBD2EB501} = {E626A763-9CCA-290C-D32E-AB37D821E747}
		{77D93026-B1B5-41C8-B0F6-C33FDF5932E3} = {E626A763-9CCA-290C-D32E-AB37D821E747}
		{52BF7FB6-37FF-5100-EFD1-124EFF302675} = {827E0CD3-B72D-47B6-A68D-7590B98EB39B}
		{A9905DCB-585D-4332-8A3C-DE8079212787} = {52BF7FB6-37FF-5100-EFD1-124EFF302675}
	EndGlobalSection
EndGlobal
